// !$*UTF8*$!
{
	archiveVersion = 1;
	classes = {
	};
	objectVersion = 50;
	objects = {

/* Begin PBXBuildFile section */
		70AA21B52297E6B7000881E3 /* AppDelegate.swift in Sources */ = {isa = PBXBuildFile; fileRef = 70AA21B42297E6B7000881E3 /* AppDelegate.swift */; };
		70AA21BA2297E6B7000881E3 /* Main.storyboard in Resources */ = {isa = PBXBuildFile; fileRef = 70AA21B82297E6B7000881E3 /* Main.storyboard */; };
		70AA21BC2297E6B9000881E3 /* Assets.xcassets in Resources */ = {isa = PBXBuildFile; fileRef = 70AA21BB2297E6B9000881E3 /* Assets.xcassets */; };
		70AA21BF2297E6B9000881E3 /* LaunchScreen.storyboard in Resources */ = {isa = PBXBuildFile; fileRef = 70AA21BD2297E6B9000881E3 /* LaunchScreen.storyboard */; };
		70AA21CA2297E901000881E3 /* MenuController.swift in Sources */ = {isa = PBXBuildFile; fileRef = 70AA21C92297E901000881E3 /* MenuController.swift */; };
		70AA21CC2297E962000881E3 /* ALaCarteController.swift in Sources */ = {isa = PBXBuildFile; fileRef = 70AA21CB2297E962000881E3 /* ALaCarteController.swift */; };
		70AA21CE2297EB40000881E3 /* MonTabBar.swift in Sources */ = {isa = PBXBuildFile; fileRef = 70AA21CD2297EB40000881E3 /* MonTabBar.swift */; };
		70AA21D12297EB85000881E3 /* Constantes.swift in Sources */ = {isa = PBXBuildFile; fileRef = 70AA21D02297EB85000881E3 /* Constantes.swift */; };
		70AA21D32297EEF8000881E3 /* MonNav.swift in Sources */ = {isa = PBXBuildFile; fileRef = 70AA21D22297EEF8000881E3 /* MonNav.swift */; };
		70AA21D5229829B1000881E3 /* MenuCell.swift in Sources */ = {isa = PBXBuildFile; fileRef = 70AA21D4229829B1000881E3 /* MenuCell.swift */; };
		70AA21D722982D81000881E3 /* Plat.swift in Sources */ = {isa = PBXBuildFile; fileRef = 70AA21D622982D81000881E3 /* Plat.swift */; };
		70AA21D922982DB5000881E3 /* Enums.swift in Sources */ = {isa = PBXBuildFile; fileRef = 70AA21D822982DB5000881E3 /* Enums.swift */; };
		70AA21DB22982EBC000881E3 /* Menu.swift in Sources */ = {isa = PBXBuildFile; fileRef = 70AA21DA22982EBC000881E3 /* Menu.swift */; };
		70AA21DD22983034000881E3 /* LesPlats.swift in Sources */ = {isa = PBXBuildFile; fileRef = 70AA21DC22983034000881E3 /* LesPlats.swift */; };
		70AA21DF22983DD7000881E3 /* Degrade.swift in Sources */ = {isa = PBXBuildFile; fileRef = 70AA21DE22983DD7000881E3 /* Degrade.swift */; };
		70AA21E122984323000881E3 /* PlatCell.swift in Sources */ = {isa = PBXBuildFile; fileRef = 70AA21E022984323000881E3 /* PlatCell.swift */; };
		70AA21E322984617000881E3 /* ALaCarte.swift in Sources */ = {isa = PBXBuildFile; fileRef = 70AA21E222984617000881E3 /* ALaCarte.swift */; };
/* End PBXBuildFile section */

/* Begin PBXFileReference section */
		70AA21B12297E6B7000881E3 /* MonRestoDuMonde.app */ = {isa = PBXFileReference; explicitFileType = wrapper.application; includeInIndex = 0; path = MonRestoDuMonde.app; sourceTree = BUILT_PRODUCTS_DIR; };
		70AA21B42297E6B7000881E3 /* AppDelegate.swift */ = {isa = PBXFileReference; lastKnownFileType = sourcecode.swift; path = AppDelegate.swift; sourceTree = "<group>"; };
		70AA21B92297E6B7000881E3 /* Base */ = {isa = PBXFileReference; lastKnownFileType = file.storyboard; name = Base; path = Base.lproj/Main.storyboard; sourceTree = "<group>"; };
		70AA21BB2297E6B9000881E3 /* Assets.xcassets */ = {isa = PBXFileReference; lastKnownFileType = folder.assetcatalog; path = Assets.xcassets; sourceTree = "<group>"; };
		70AA21BE2297E6B9000881E3 /* Base */ = {isa = PBXFileReference; lastKnownFileType = file.storyboard; name = Base; path = Base.lproj/LaunchScreen.storyboard; sourceTree = "<group>"; };
		70AA21C02297E6B9000881E3 /* Info.plist */ = {isa = PBXFileReference; lastKnownFileType = text.plist.xml; path = Info.plist; sourceTree = "<group>"; };
		70AA21C92297E901000881E3 /* MenuController.swift */ = {isa = PBXFileReference; lastKnownFileType = sourcecode.swift; path = MenuController.swift; sourceTree = "<group>"; };
		70AA21CB2297E962000881E3 /* ALaCarteController.swift */ = {isa = PBXFileReference; lastKnownFileType = sourcecode.swift; path = ALaCarteController.swift; sourceTree = "<group>"; };
		70AA21CD2297EB40000881E3 /* MonTabBar.swift */ = {isa = PBXFileReference; lastKnownFileType = sourcecode.swift; path = MonTabBar.swift; sourceTree = "<group>"; };
		70AA21D02297EB85000881E3 /* Constantes.swift */ = {isa = PBXFileReference; lastKnownFileType = sourcecode.swift; path = Constantes.swift; sourceTree = "<group>"; };
		70AA21D22297EEF8000881E3 /* MonNav.swift */ = {isa = PBXFileReference; lastKnownFileType = sourcecode.swift; path = MonNav.swift; sourceTree = "<group>"; };
		70AA21D4229829B1000881E3 /* MenuCell.swift */ = {isa = PBXFileReference; lastKnownFileType = sourcecode.swift; path = MenuCell.swift; sourceTree = "<group>"; };
		70AA21D622982D81000881E3 /* Plat.swift */ = {isa = PBXFileReference; lastKnownFileType = sourcecode.swift; path = Plat.swift; sourceTree = "<group>"; };
		70AA21D822982DB5000881E3 /* Enums.swift */ = {isa = PBXFileReference; lastKnownFileType = sourcecode.swift; path = Enums.swift; sourceTree = "<group>"; };
		70AA21DA22982EBC000881E3 /* Menu.swift */ = {isa = PBXFileReference; lastKnownFileType = sourcecode.swift; path = Menu.swift; sourceTree = "<group>"; };
		70AA21DC22983034000881E3 /* LesPlats.swift */ = {isa = PBXFileReference; lastKnownFileType = sourcecode.swift; path = LesPlats.swift; sourceTree = "<group>"; };
		70AA21DE22983DD7000881E3 /* Degrade.swift */ = {isa = PBXFileReference; lastKnownFileType = sourcecode.swift; path = Degrade.swift; sourceTree = "<group>"; };
		70AA21E022984323000881E3 /* PlatCell.swift */ = {isa = PBXFileReference; lastKnownFileType = sourcecode.swift; path = PlatCell.swift; sourceTree = "<group>"; };
		70AA21E222984617000881E3 /* ALaCarte.swift */ = {isa = PBXFileReference; lastKnownFileType = sourcecode.swift; path = ALaCarte.swift; sourceTree = "<group>"; };
/* End PBXFileReference section */

/* Begin PBXFrameworksBuildPhase section */
		70AA21AE2297E6B7000881E3 /* Frameworks */ = {
			isa = PBXFrameworksBuildPhase;
			buildActionMask = 2147483647;
			files = (
			);
			runOnlyForDeploymentPostprocessing = 0;
		};
/* End PBXFrameworksBuildPhase section */

/* Begin PBXGroup section */
		70AA21A82297E6B7000881E3 = {
			isa = PBXGroup;
			children = (
				70AA21B32297E6B7000881E3 /* MonRestoDuMonde */,
				70AA21B22297E6B7000881E3 /* Products */,
			);
			sourceTree = "<group>";
		};
		70AA21B22297E6B7000881E3 /* Products */ = {
			isa = PBXGroup;
			children = (
				70AA21B12297E6B7000881E3 /* MonRestoDuMonde.app */,
			);
			name = Products;
			sourceTree = "<group>";
		};
		70AA21B32297E6B7000881E3 /* MonRestoDuMonde */ = {
			isa = PBXGroup;
			children = (
				70AA21CF2297EB6B000881E3 /* Utilitaire */,
				70AA21C62297E8A3000881E3 /* Modele */,
				70AA21C72297E8AF000881E3 /* Vue */,
				70AA21C82297E8B3000881E3 /* Controlleur */,
				70AA21B42297E6B7000881E3 /* AppDelegate.swift */,
				70AA21B82297E6B7000881E3 /* Main.storyboard */,
				70AA21BB2297E6B9000881E3 /* Assets.xcassets */,
				70AA21BD2297E6B9000881E3 /* LaunchScreen.storyboard */,
				70AA21C02297E6B9000881E3 /* Info.plist */,
			);
			path = MonRestoDuMonde;
			sourceTree = "<group>";
		};
		70AA21C62297E8A3000881E3 /* Modele */ = {
			isa = PBXGroup;
			children = (
				70AA21D622982D81000881E3 /* Plat.swift */,
				70AA21D822982DB5000881E3 /* Enums.swift */,
				70AA21DA22982EBC000881E3 /* Menu.swift */,
				70AA21DC22983034000881E3 /* LesPlats.swift */,
				70AA21E222984617000881E3 /* ALaCarte.swift */,
			);
			path = Modele;
			sourceTree = "<group>";
		};
		70AA21C72297E8AF000881E3 /* Vue */ = {
			isa = PBXGroup;
			children = (
				70AA21D4229829B1000881E3 /* MenuCell.swift */,
				70AA21DE22983DD7000881E3 /* Degrade.swift */,
				70AA21E022984323000881E3 /* PlatCell.swift */,
			);
			path = Vue;
			sourceTree = "<group>";
		};
		70AA21C82297E8B3000881E3 /* Controlleur */ = {
			isa = PBXGroup;
			children = (
				70AA21C92297E901000881E3 /* MenuController.swift */,
				70AA21CB2297E962000881E3 /* ALaCarteController.swift */,
				70AA21CD2297EB40000881E3 /* MonTabBar.swift */,
				70AA21D22297EEF8000881E3 /* MonNav.swift */,
			);
			path = Controlleur;
			sourceTree = "<group>";
		};
		70AA21CF2297EB6B000881E3 /* Utilitaire */ = {
			isa = PBXGroup;
			children = (
				70AA21D02297EB85000881E3 /* Constantes.swift */,
			);
			path = Utilitaire;
			sourceTree = "<group>";
		};
/* End PBXGroup section */

/* Begin PBXNativeTarget section */
		70AA21B02297E6B7000881E3 /* MonRestoDuMonde */ = {
			isa = PBXNativeTarget;
			buildConfigurationList = 70AA21C32297E6B9000881E3 /* Build configuration list for PBXNativeTarget "MonRestoDuMonde" */;
			buildPhases = (
				70AA21AD2297E6B7000881E3 /* Sources */,
				70AA21AE2297E6B7000881E3 /* Frameworks */,
				70AA21AF2297E6B7000881E3 /* Resources */,
			);
			buildRules = (
			);
			dependencies = (
			);
			name = MonRestoDuMonde;
			productName = MonRestoDuMonde;
			productReference = 70AA21B12297E6B7000881E3 /* MonRestoDuMonde.app */;
			productType = "com.apple.product-type.application";
		};
/* End PBXNativeTarget section */

/* Begin PBXProject section */
		70AA21A92297E6B7000881E3 /* Project object */ = {
			isa = PBXProject;
			attributes = {
				LastSwiftUpdateCheck = 1020;
				LastUpgradeCheck = 1020;
				ORGANIZATIONNAME = "captain web";
				TargetAttributes = {
					70AA21B02297E6B7000881E3 = {
						CreatedOnToolsVersion = 10.2.1;
					};
				};
			};
			buildConfigurationList = 70AA21AC2297E6B7000881E3 /* Build configuration list for PBXProject "MonRestoDuMonde" */;
			compatibilityVersion = "Xcode 9.3";
			developmentRegion = en;
			hasScannedForEncodings = 0;
			knownRegions = (
				en,
				Base,
			);
			mainGroup = 70AA21A82297E6B7000881E3;
			productRefGroup = 70AA21B22297E6B7000881E3 /* Products */;
			projectDirPath = "";
			projectRoot = "";
			targets = (
				70AA21B02297E6B7000881E3 /* MonRestoDuMonde */,
			);
		};
/* End PBXProject section */

/* Begin PBXResourcesBuildPhase section */
		70AA21AF2297E6B7000881E3 /* Resources */ = {
			isa = PBXResourcesBuildPhase;
			buildActionMask = 2147483647;
			files = (
				70AA21BF2297E6B9000881E3 /* LaunchScreen.storyboard in Resources */,
				70AA21BC2297E6B9000881E3 /* Assets.xcassets in Resources */,
				70AA21BA2297E6B7000881E3 /* Main.storyboard in Resources */,
			);
			runOnlyForDeploymentPostprocessing = 0;
		};
/* End PBXResourcesBuildPhase section */

/* Begin PBXSourcesBuildPhase section */
		70AA21AD2297E6B7000881E3 /* Sources */ = {
			isa = PBXSourcesBuildPhase;
			buildActionMask = 2147483647;
			files = (
				70AA21D5229829B1000881E3 /* MenuCell.swift in Sources */,
				70AA21D12297EB85000881E3 /* Constantes.swift in Sources */,
				70AA21CE2297EB40000881E3 /* MonTabBar.swift in Sources */,
				70AA21E122984323000881E3 /* PlatCell.swift in Sources */,
				70AA21D32297EEF8000881E3 /* MonNav.swift in Sources */,
				70AA21DF22983DD7000881E3 /* Degrade.swift in Sources */,
				70AA21E322984617000881E3 /* ALaCarte.swift in Sources */,
				70AA21DB22982EBC000881E3 /* Menu.swift in Sources */,
				70AA21CA2297E901000881E3 /* MenuController.swift in Sources */,
				70AA21DD22983034000881E3 /* LesPlats.swift in Sources */,
				70AA21B52297E6B7000881E3 /* AppDelegate.swift in Sources */,
				70AA21D722982D81000881E3 /* Plat.swift in Sources */,
				70AA21D922982DB5000881E3 /* Enums.swift in Sources */,
				70AA21CC2297E962000881E3 /* ALaCarteController.swift in Sources */,
			);
			runOnlyForDeploymentPostprocessing = 0;
		};
/* End PBXSourcesBuildPhase section */

/* Begin PBXVariantGroup section */
		70AA21B82297E6B7000881E3 /* Main.storyboard */ = {
			isa = PBXVariantGroup;
			children = (
				70AA21B92297E6B7000881E3 /* Base */,
			);
			name = Main.storyboard;
			sourceTree = "<group>";
		};
		70AA21BD2297E6B9000881E3 /* LaunchScreen.storyboard */ = {
			isa = PBXVariantGroup;
			children = (
				70AA21BE2297E6B9000881E3 /* Base */,
			);
			name = LaunchScreen.storyboard;
			sourceTree = "<group>";
		};
/* End PBXVariantGroup section */

/* Begin XCBuildConfiguration section */
		70AA21C12297E6B9000881E3 /* Debug */ = {
			isa = XCBuildConfiguration;
			buildSettings = {
				ALWAYS_SEARCH_USER_PATHS = NO;
				CLANG_ANALYZER_NONNULL = YES;
				CLANG_ANALYZER_NUMBER_OBJECT_CONVERSION = YES_AGGRESSIVE;
				CLANG_CXX_LANGUAGE_STANDARD = "gnu++14";
				CLANG_CXX_LIBRARY = "libc++";
				CLANG_ENABLE_MODULES = YES;
				CLANG_ENABLE_OBJC_ARC = YES;
				CLANG_ENABLE_OBJC_WEAK = YES;
				CLANG_WARN_BLOCK_CAPTURE_AUTORELEASING = YES;
				CLANG_WARN_BOOL_CONVERSION = YES;
				CLANG_WARN_COMMA = YES;
				CLANG_WARN_CONSTANT_CONVERSION = YES;
				CLANG_WARN_DEPRECATED_OBJC_IMPLEMENTATIONS = YES;
				CLANG_WARN_DIRECT_OBJC_ISA_USAGE = YES_ERROR;
				CLANG_WARN_DOCUMENTATION_COMMENTS = YES;
				CLANG_WARN_EMPTY_BODY = YES;
				CLANG_WARN_ENUM_CONVERSION = YES;
				CLANG_WARN_INFINITE_RECURSION = YES;
				CLANG_WARN_INT_CONVERSION = YES;
				CLANG_WARN_NON_LITERAL_NULL_CONVERSION = YES;
				CLANG_WARN_OBJC_IMPLICIT_RETAIN_SELF = YES;
				CLANG_WARN_OBJC_LITERAL_CONVERSION = YES;
				CLANG_WARN_OBJC_ROOT_CLASS = YES_ERROR;
				CLANG_WARN_RANGE_LOOP_ANALYSIS = YES;
				CLANG_WARN_STRICT_PROTOTYPES = YES;
				CLANG_WARN_SUSPICIOUS_MOVE = YES;
				CLANG_WARN_UNGUARDED_AVAILABILITY = YES_AGGRESSIVE;
				CLANG_WARN_UNREACHABLE_CODE = YES;
				CLANG_WARN__DUPLICATE_METHOD_MATCH = YES;
				CODE_SIGN_IDENTITY = "iPhone Developer";
				COPY_PHASE_STRIP = NO;
				DEBUG_INFORMATION_FORMAT = dwarf;
				ENABLE_STRICT_OBJC_MSGSEND = YES;
				ENABLE_TESTABILITY = YES;
				GCC_C_LANGUAGE_STANDARD = gnu11;
				GCC_DYNAMIC_NO_PIC = NO;
				GCC_NO_COMMON_BLOCKS = YES;
				GCC_OPTIMIZATION_LEVEL = 0;
				GCC_PREPROCESSOR_DEFINITIONS = (
					"DEBUG=1",
					"$(inherited)",
				);
				GCC_WARN_64_TO_32_BIT_CONVERSION = YES;
				GCC_WARN_ABOUT_RETURN_TYPE = YES_ERROR;
				GCC_WARN_UNDECLARED_SELECTOR = YES;
				GCC_WARN_UNINITIALIZED_AUTOS = YES_AGGRESSIVE;
				GCC_WARN_UNUSED_FUNCTION = YES;
				GCC_WARN_UNUSED_VARIABLE = YES;
				IPHONEOS_DEPLOYMENT_TARGET = 12.2;
				MTL_ENABLE_DEBUG_INFO = INCLUDE_SOURCE;
				MTL_FAST_MATH = YES;
				ONLY_ACTIVE_ARCH = YES;
				SDKROOT = iphoneos;
				SWIFT_ACTIVE_COMPILATION_CONDITIONS = DEBUG;
				SWIFT_OPTIMIZATION_LEVEL = "-Onone";
			};
			name = Debug;
		};
		70AA21C22297E6B9000881E3 /* Release */ = {
			isa = XCBuildConfiguration;
			buildSettings = {
				ALWAYS_SEARCH_USER_PATHS = NO;
				CLANG_ANALYZER_NONNULL = YES;
				CLANG_ANALYZER_NUMBER_OBJECT_CONVERSION = YES_AGGRESSIVE;
				CLANG_CXX_LANGUAGE_STANDARD = "gnu++14";
				CLANG_CXX_LIBRARY = "libc++";
				CLANG_ENABLE_MODULES = YES;
				CLANG_ENABLE_OBJC_ARC = YES;
				CLANG_ENABLE_OBJC_WEAK = YES;
				CLANG_WARN_BLOCK_CAPTURE_AUTORELEASING = YES;
				CLANG_WARN_BOOL_CONVERSION = YES;
				CLANG_WARN_COMMA = YES;
				CLANG_WARN_CONSTANT_CONVERSION = YES;
				CLANG_WARN_DEPRECATED_OBJC_IMPLEMENTATIONS = YES;
				CLANG_WARN_DIRECT_OBJC_ISA_USAGE = YES_ERROR;
				CLANG_WARN_DOCUMENTATION_COMMENTS = YES;
				CLANG_WARN_EMPTY_BODY = YES;
				CLANG_WARN_ENUM_CONVERSION = YES;
				CLANG_WARN_INFINITE_RECURSION = YES;
				CLANG_WARN_INT_CONVERSION = YES;
				CLANG_WARN_NON_LITERAL_NULL_CONVERSION = YES;
				CLANG_WARN_OBJC_IMPLICIT_RETAIN_SELF = YES;
				CLANG_WARN_OBJC_LITERAL_CONVERSION = YES;
				CLANG_WARN_OBJC_ROOT_CLASS = YES_ERROR;
				CLANG_WARN_RANGE_LOOP_ANALYSIS = YES;
				CLANG_WARN_STRICT_PROTOTYPES = YES;
				CLANG_WARN_SUSPICIOUS_MOVE = YES;
				CLANG_WARN_UNGUARDED_AVAILABILITY = YES_AGGRESSIVE;
				CLANG_WARN_UNREACHABLE_CODE = YES;
				CLANG_WARN__DUPLICATE_METHOD_MATCH = YES;
				CODE_SIGN_IDENTITY = "iPhone Developer";
				COPY_PHASE_STRIP = NO;
				DEBUG_INFORMATION_FORMAT = "dwarf-with-dsym";
				ENABLE_NS_ASSERTIONS = NO;
				ENABLE_STRICT_OBJC_MSGSEND = YES;
				GCC_C_LANGUAGE_STANDARD = gnu11;
				GCC_NO_COMMON_BLOCKS = YES;
				GCC_WARN_64_TO_32_BIT_CONVERSION = YES;
				GCC_WARN_ABOUT_RETURN_TYPE = YES_ERROR;
				GCC_WARN_UNDECLARED_SELECTOR = YES;
				GCC_WARN_UNINITIALIZED_AUTOS = YES_AGGRESSIVE;
				GCC_WARN_UNUSED_FUNCTION = YES;
				GCC_WARN_UNUSED_VARIABLE = YES;
				IPHONEOS_DEPLOYMENT_TARGET = 12.2;
				MTL_ENABLE_DEBUG_INFO = NO;
				MTL_FAST_MATH = YES;
				SDKROOT = iphoneos;
				SWIFT_COMPILATION_MODE = wholemodule;
				SWIFT_OPTIMIZATION_LEVEL = "-O";
				VALIDATE_PRODUCT = YES;
			};
			name = Release;
		};
		70AA21C42297E6B9000881E3 /* Debug */ = {
			isa = XCBuildConfiguration;
			buildSettings = {
				ASSETCATALOG_COMPILER_APPICON_NAME = AppIcon;
				CODE_SIGN_STYLE = Automatic;
				INFOPLIST_FILE = MonRestoDuMonde/Info.plist;
				LD_RUNPATH_SEARCH_PATHS = (
					"$(inherited)",
					"@executable_path/Frameworks",
				);
				PRODUCT_BUNDLE_IDENTIFIER = "com.captain-web.MonRestoDuMonde";
				PRODUCT_NAME = "$(TARGET_NAME)";
				SWIFT_VERSION = 5.0;
				TARGETED_DEVICE_FAMILY = "1,2";
			};
			name = Debug;
		};
		70AA21C52297E6B9000881E3 /* Release */ = {
			isa = XCBuildConfiguration;
			buildSettings = {
				ASSETCATALOG_COMPILER_APPICON_NAME = AppIcon;
				CODE_SIGN_STYLE = Automatic;
				INFOPLIST_FILE = MonRestoDuMonde/Info.plist;
				LD_RUNPATH_SEARCH_PATHS = (
					"$(inherited)",
					"@executable_path/Frameworks",
				);
				PRODUCT_BUNDLE_IDENTIFIER = "com.captain-web.MonRestoDuMonde";
				PRODUCT_NAME = "$(TARGET_NAME)";
				SWIFT_VERSION = 5.0;
				TARGETED_DEVICE_FAMILY = "1,2";
			};
			name = Release;
		};
/* End XCBuildConfiguration section */

/* Begin XCConfigurationList section */
		70AA21AC2297E6B7000881E3 /* Build configuration list for PBXProject "MonRestoDuMonde" */ = {
			isa = XCConfigurationList;
			buildConfigurations = (
				70AA21C12297E6B9000881E3 /* Debug */,
				70AA21C22297E6B9000881E3 /* Release */,
			);
			defaultConfigurationIsVisible = 0;
			defaultConfigurationName = Release;
		};
		70AA21C32297E6B9000881E3 /* Build configuration list for PBXNativeTarget "MonRestoDuMonde" */ = {
			isa = XCConfigurationList;
			buildConfigurations = (
				70AA21C42297E6B9000881E3 /* Debug */,
				70AA21C52297E6B9000881E3 /* Release */,
			);
			defaultConfigurationIsVisible = 0;
			defaultConfigurationName = Release;
		};
/* End XCConfigurationList section */
	};
	rootObject = 70AA21A92297E6B7000881E3 /* Project object */;
}
